
Microsoft Visual Studio Solution File, Format Version 12.00
# Visual Studio Version 17
VisualStudioVersion = 17.14.36408.4 d17.14
MinimumVisualStudioVersion = 10.0.40219.1
Project("{FAE04EC0-301F-11D3-BF4B-00C04F79EFBC}") = "WatcherIntroSkip", "WatcherIntroSkip\WatcherIntroSkip.csproj", "{549F1399-D434-47D7-B52F-BE6361FC4B8B}"
EndProject
Global
	GlobalSection(SolutionConfigurationPlatforms) = preSolution
		Debug|Any CPU = Debug|Any CPU
		Release|Any CPU = Release|Any CPU
	EndGlobalSection
	GlobalSection(ProjectConfigurationPlatforms) = postSolution
		{549F1399-D434-47D7-B52F-BE6361FC4B8B}.Debug|Any CPU.ActiveCfg = Debug|Any CPU
		{549F1399-D434-47D7-B52F-BE6361FC4B8B}.Debug|Any CPU.Build.0 = Debug|Any CPU
		{549F1399-D434-47D7-B52F-BE6361FC4B8B}.Release|Any CPU.ActiveCfg = Release|Any CPU
		{549F1399-D434-47D7-B52F-BE6361FC4B8B}.Release|Any CPU.Build.0 = Release|Any CPU
	EndGlobalSection
	GlobalSection(SolutionProperties) = preSolution
		HideSolutionNode = FALSE
	EndGlobalSection
	GlobalSection(ExtensibilityGlobals) = postSolution
		SolutionGuid = {3E492539-0032-4119-A41C-33C949736030}
	EndGlobalSection
EndGlobal
